# This file is automatically @generated by Cargo.
# It is not intended for manual editing.
version = 3

[[package]]
name = "day1"
version = "0.1.0"
dependencies = [
 "eyre",
]

[[package]]
name = "day10"
version = "0.1.0"
dependencies = [
 "eyre",
]

[[package]]
name = "day11"
version = "0.1.0"
dependencies = [
 "eyre",
]

[[package]]
name = "day12"
version = "0.1.0"
dependencies = [
 "eyre",
]

[[package]]
name = "day13"
version = "0.1.0"
dependencies = [
 "eyre",
]

[[package]]
name = "day14"
version = "0.1.0"
dependencies = [
 "eyre",
]

[[package]]
name = "day15"
version = "0.1.0"
dependencies = [
 "eyre",
]

[[package]]
name = "day16"
version = "0.1.0"
dependencies = [
 "eyre",
]

[[package]]
name = "day17"
version = "0.1.0"
dependencies = [
 "eyre",
]

[[package]]
name = "day18"
version = "0.1.0"
dependencies = [
 "eyre",
]

[[package]]
name = "day19"
version = "0.1.0"
dependencies = [
 "eyre",
]

[[package]]
name = "day2"
version = "0.1.0"
dependencies = [
 "eyre",
]

[[package]]
name = "day20"
version = "0.1.0"
dependencies = [
 "eyre",
]

[[package]]
name = "day21"
version = "0.1.0"
dependencies = [
 "eyre",
]

[[package]]
name = "day22"
version = "0.1.0"
dependencies = [
 "eyre",
]

[[package]]
name = "day23"
version = "0.1.0"
dependencies = [
 "eyre",
]

[[package]]
name = "day24"
version = "0.1.0"
dependencies = [
 "eyre",
]

[[package]]
name = "day3"
version = "0.1.0"
dependencies = [
 "eyre",
]

[[package]]
name = "day4"
version = "0.1.0"
dependencies = [
 "eyre",
]

[[package]]
name = "day5"
version = "0.1.0"
dependencies = [
 "eyre",
]

[[package]]
name = "day6"
version = "0.1.0"
dependencies = [
 "eyre",
]

[[package]]
name = "day7"
version = "0.1.0"
dependencies = [
 "eyre",
]

[[package]]
name = "day8"
version = "0.1.0"
dependencies = [
 "eyre",
]

[[package]]
name = "day9"
version = "0.1.0"
dependencies = [
 "eyre",
]

[[package]]
name = "eyre"
version = "0.6.8"
source = "registry+https://github.com/rust-lang/crates.io-index"
checksum = "4c2b6b5a29c02cdc822728b7d7b8ae1bab3e3b05d44522770ddd49722eeac7eb"
dependencies = [
 "indenter",
 "once_cell",
]

[[package]]
name = "indenter"
version = "0.3.3"
source = "registry+https://github.com/rust-lang/crates.io-index"
checksum = "ce23b50ad8242c51a442f3ff322d56b02f08852c77e4c0b4d3fd684abc89c683"

[[package]]
name = "once_cell"
version = "1.16.0"
source = "registry+https://github.com/rust-lang/crates.io-index"
checksum = "86f0b0d4bf799edbc74508c1e8bf170ff5f41238e5f8225603ca7caaae2b7860"
